
Microsoft Visual Studio Solution File, Format Version 12.00
# Visual Studio Version 16
VisualStudioVersion = 16.0.30517.126
MinimumVisualStudioVersion = 10.0.40219.1
Project("{FAE04EC0-301F-11D3-BF4B-00C04F79EFBC}") = "MvcMovie", "MvcMovie\MvcMovie.csproj", "{2B1E080E-6E9A-45BF-A7B6-D41F6F9343BA}"
EndProject
Global
	GlobalSection(SolutionConfigurationPlatforms) = preSolution
		Debug|Any CPU = Debug|Any CPU
		Release|Any CPU = Release|Any CPU
	EndGlobalSection
	GlobalSection(ProjectConfigurationPlatforms) = postSolution
		{2B1E080E-6E9A-45BF-A7B6-D41F6F9343BA}.Debug|Any CPU.ActiveCfg = Debug|Any CPU
		{2B1E080E-6E9A-45BF-A7B6-D41F6F9343BA}.Debug|Any CPU.Build.0 = Debug|Any CPU
		{2B1E080E-6E9A-45BF-A7B6-D41F6F9343BA}.Release|Any CPU.ActiveCfg = Release|Any CPU
		{2B1E080E-6E9A-45BF-A7B6-D41F6F9343BA}.Release|Any CPU.Build.0 = Release|Any CPU
	EndGlobalSection
	GlobalSection(SolutionProperties) = preSolution
		HideSolutionNode = FALSE
	EndGlobalSection
	GlobalSection(ExtensibilityGlobals) = postSolution
		SolutionGuid = {5B279A1C-E0CD-43CE-934D-8A77EFAE19F1}
	EndGlobalSection
EndGlobal
